
Microsoft Visual Studio Solution File, Format Version 12.00
# Visual Studio Version 16
VisualStudioVersion = 16.0.29123.88
MinimumVisualStudioVersion = 10.0.40219.1
Project("{FAE04EC0-301F-11D3-BF4B-00C04F79EFBC}") = "ConsoleApp1", "ConsoleApp1\ConsoleApp1.csproj", "{68734B6C-E830-46DF-A667-0ECEDC4C0F89}"
EndProject
Global
	GlobalSection(SolutionConfigurationPlatforms) = preSolution
		Debug|Any CPU = Debug|Any CPU
		Release|Any CPU = Release|Any CPU
	EndGlobalSection
	GlobalSection(ProjectConfigurationPlatforms) = postSolution
		{68734B6C-E830-46DF-A667-0ECEDC4C0F89}.Debug|Any CPU.ActiveCfg = Debug|Any CPU
		{68734B6C-E830-46DF-A667-0ECEDC4C0F89}.Debug|Any CPU.Build.0 = Debug|Any CPU
		{68734B6C-E830-46DF-A667-0ECEDC4C0F89}.Release|Any CPU.ActiveCfg = Release|Any CPU
		{68734B6C-E830-46DF-A667-0ECEDC4C0F89}.Release|Any CPU.Build.0 = Release|Any CPU
	EndGlobalSection
	GlobalSection(SolutionProperties) = preSolution
		HideSolutionNode = FALSE
	EndGlobalSection
	GlobalSection(ExtensibilityGlobals) = postSolution
		SolutionGuid = {810D350F-C272-4DE5-B479-11064474E7A1}
	EndGlobalSection
EndGlobal
