
Microsoft Visual Studio Solution File, Format Version 12.00
# Visual Studio Version 16
VisualStudioVersion = 16.0.29123.88
MinimumVisualStudioVersion = 10.0.40219.1
Project("{FAE04EC0-301F-11D3-BF4B-00C04F79EFBC}") = "ConsoleApp3", "ConsoleApp3\ConsoleApp3.csproj", "{2EF4FF89-FDBB-4288-BD50-9B403D672E0C}"
EndProject
Global
	GlobalSection(SolutionConfigurationPlatforms) = preSolution
		Debug|Any CPU = Debug|Any CPU
		Release|Any CPU = Release|Any CPU
	EndGlobalSection
	GlobalSection(ProjectConfigurationPlatforms) = postSolution
		{2EF4FF89-FDBB-4288-BD50-9B403D672E0C}.Debug|Any CPU.ActiveCfg = Debug|Any CPU
		{2EF4FF89-FDBB-4288-BD50-9B403D672E0C}.Debug|Any CPU.Build.0 = Debug|Any CPU
		{2EF4FF89-FDBB-4288-BD50-9B403D672E0C}.Release|Any CPU.ActiveCfg = Release|Any CPU
		{2EF4FF89-FDBB-4288-BD50-9B403D672E0C}.Release|Any CPU.Build.0 = Release|Any CPU
	EndGlobalSection
	GlobalSection(SolutionProperties) = preSolution
		HideSolutionNode = FALSE
	EndGlobalSection
	GlobalSection(ExtensibilityGlobals) = postSolution
		SolutionGuid = {A1B6F535-865E-463E-A3C9-C6B07FA74767}
	EndGlobalSection
EndGlobal
